
Microsoft Visual Studio Solution File, Format Version 12.00
# Visual Studio 15
Project("{FAE04EC0-301F-11D3-BF4B-00C04F79EFBC}") = "Assembly-CSharp", "Assembly-CSharp.csproj", "{64A32D32-F9E5-9091-F671-AF2DC02636AE}"
EndProject
Project("{FAE04EC0-301F-11D3-BF4B-00C04F79EFBC}") = "Assembly-CSharp-Editor", "Assembly-CSharp-Editor.csproj", "{57A6653E-36BC-DE51-101D-B03A6A987A83}"
EndProject
Global
	GlobalSection(SolutionConfigurationPlatforms) = preSolution
		Debug|Any CPU = Debug|Any CPU
		Release|Any CPU = Release|Any CPU
	EndGlobalSection
	GlobalSection(ProjectConfigurationPlatforms) = postSolution
		{64A32D32-F9E5-9091-F671-AF2DC02636AE}.Debug|Any CPU.ActiveCfg = Debug|Any CPU
		{64A32D32-F9E5-9091-F671-AF2DC02636AE}.Debug|Any CPU.Build.0 = Debug|Any CPU
		{64A32D32-F9E5-9091-F671-AF2DC02636AE}.Release|Any CPU.ActiveCfg = Release|Any CPU
		{64A32D32-F9E5-9091-F671-AF2DC02636AE}.Release|Any CPU.Build.0 = Release|Any CPU
		{57A6653E-36BC-DE51-101D-B03A6A987A83}.Debug|Any CPU.ActiveCfg = Debug|Any CPU
		{57A6653E-36BC-DE51-101D-B03A6A987A83}.Debug|Any CPU.Build.0 = Debug|Any CPU
		{57A6653E-36BC-DE51-101D-B03A6A987A83}.Release|Any CPU.ActiveCfg = Release|Any CPU
		{57A6653E-36BC-DE51-101D-B03A6A987A83}.Release|Any CPU.Build.0 = Release|Any CPU
	EndGlobalSection
	GlobalSection(SolutionProperties) = preSolution
		HideSolutionNode = FALSE
	EndGlobalSection
EndGlobal
